
Microsoft Visual Studio Solution File, Format Version 12.00
# Visual Studio Version 17
VisualStudioVersion = 17.4.33110.190
MinimumVisualStudioVersion = 10.0.40219.1
Project("{FAE04EC0-301F-11D3-BF4B-00C04F79EFBC}") = "CatalogService", "CatalogService\CatalogService.csproj", "{151EE0B1-3729-400E-8336-9A07C6007841}"
EndProject
Project("{FAE04EC0-301F-11D3-BF4B-00C04F79EFBC}") = "APIGateway", "APIGateway\APIGateway.csproj", "{2AAA52CD-018A-45C3-B32A-230FE1F0C4F6}"
EndProject
Project("{FAE04EC0-301F-11D3-BF4B-00C04F79EFBC}") = "WebUser", "User\WebUser.csproj", "{D741FFBB-A825-4EDD-8245-FD585BC94E94}"
EndProject
Global
	GlobalSection(SolutionConfigurationPlatforms) = preSolution
		Debug|Any CPU = Debug|Any CPU
		Release|Any CPU = Release|Any CPU
	EndGlobalSection
	GlobalSection(ProjectConfigurationPlatforms) = postSolution
		{151EE0B1-3729-400E-8336-9A07C6007841}.Debug|Any CPU.ActiveCfg = Debug|Any CPU
		{151EE0B1-3729-400E-8336-9A07C6007841}.Debug|Any CPU.Build.0 = Debug|Any CPU
		{151EE0B1-3729-400E-8336-9A07C6007841}.Release|Any CPU.ActiveCfg = Release|Any CPU
		{151EE0B1-3729-400E-8336-9A07C6007841}.Release|Any CPU.Build.0 = Release|Any CPU
		{2AAA52CD-018A-45C3-B32A-230FE1F0C4F6}.Debug|Any CPU.ActiveCfg = Debug|Any CPU
		{2AAA52CD-018A-45C3-B32A-230FE1F0C4F6}.Debug|Any CPU.Build.0 = Debug|Any CPU
		{2AAA52CD-018A-45C3-B32A-230FE1F0C4F6}.Release|Any CPU.ActiveCfg = Release|Any CPU
		{2AAA52CD-018A-45C3-B32A-230FE1F0C4F6}.Release|Any CPU.Build.0 = Release|Any CPU
		{D741FFBB-A825-4EDD-8245-FD585BC94E94}.Debug|Any CPU.ActiveCfg = Debug|Any CPU
		{D741FFBB-A825-4EDD-8245-FD585BC94E94}.Debug|Any CPU.Build.0 = Debug|Any CPU
		{D741FFBB-A825-4EDD-8245-FD585BC94E94}.Release|Any CPU.ActiveCfg = Release|Any CPU
		{D741FFBB-A825-4EDD-8245-FD585BC94E94}.Release|Any CPU.Build.0 = Release|Any CPU
	EndGlobalSection
	GlobalSection(SolutionProperties) = preSolution
		HideSolutionNode = FALSE
	EndGlobalSection
	GlobalSection(ExtensibilityGlobals) = postSolution
		SolutionGuid = {ADB12185-E2CE-4D43-9DA4-BD580ACFECCC}
	EndGlobalSection
EndGlobal
